
Microsoft Visual Studio Solution File, Format Version 12.00
# Visual Studio 15
VisualStudioVersion = 15.0.26730.16
MinimumVisualStudioVersion = 10.0.40219.1
Project("{FAE04EC0-301F-11D3-BF4B-00C04F79EFBC}") = "ENS", "ENS\ENS.csproj", "{3902AC2D-5A21-4361-B9F6-9F41F63BFF28}"
EndProject
Global
	GlobalSection(SolutionConfigurationPlatforms) = preSolution
		Debug|Any CPU = Debug|Any CPU
		Release|Any CPU = Release|Any CPU
	EndGlobalSection
	GlobalSection(ProjectConfigurationPlatforms) = postSolution
		{3902AC2D-5A21-4361-B9F6-9F41F63BFF28}.Debug|Any CPU.ActiveCfg = Debug|Any CPU
		{3902AC2D-5A21-4361-B9F6-9F41F63BFF28}.Debug|Any CPU.Build.0 = Debug|Any CPU
		{3902AC2D-5A21-4361-B9F6-9F41F63BFF28}.Release|Any CPU.ActiveCfg = Release|Any CPU
		{3902AC2D-5A21-4361-B9F6-9F41F63BFF28}.Release|Any CPU.Build.0 = Release|Any CPU
	EndGlobalSection
	GlobalSection(SolutionProperties) = preSolution
		HideSolutionNode = FALSE
	EndGlobalSection
	GlobalSection(ExtensibilityGlobals) = postSolution
		SolutionGuid = {63810DAF-052D-4E78-9C8B-F027B2DEB58A}
	EndGlobalSection
EndGlobal
